
Microsoft Visual Studio Solution File, Format Version 12.00
# Visual Studio Version 17
VisualStudioVersion = 17.10.35013.160
MinimumVisualStudioVersion = 10.0.40219.1
Project("{FAE04EC0-301F-11D3-BF4B-00C04F79EFBC}") = "PRUEBA_TECNICA", "PRUEBA_TECNICA\PRUEBA_TECNICA.csproj", "{D77F9D56-1D9A-4307-9011-00CD13FF980B}"
EndProject
Global
	GlobalSection(SolutionConfigurationPlatforms) = preSolution
		Debug|Any CPU = Debug|Any CPU
		Release|Any CPU = Release|Any CPU
	EndGlobalSection
	GlobalSection(ProjectConfigurationPlatforms) = postSolution
		{D77F9D56-1D9A-4307-9011-00CD13FF980B}.Debug|Any CPU.ActiveCfg = Debug|Any CPU
		{D77F9D56-1D9A-4307-9011-00CD13FF980B}.Debug|Any CPU.Build.0 = Debug|Any CPU
		{D77F9D56-1D9A-4307-9011-00CD13FF980B}.Release|Any CPU.ActiveCfg = Release|Any CPU
		{D77F9D56-1D9A-4307-9011-00CD13FF980B}.Release|Any CPU.Build.0 = Release|Any CPU
	EndGlobalSection
	GlobalSection(SolutionProperties) = preSolution
		HideSolutionNode = FALSE
	EndGlobalSection
	GlobalSection(ExtensibilityGlobals) = postSolution
		SolutionGuid = {1C858429-CD3A-4A99-AC78-9301B511D3EE}
	EndGlobalSection
EndGlobal
